# Prisma Migrate lockfile v1

20200701163508-init
20200701171350-add-color
20200809230716-add-exercise
20200809230754-fix-exercises
20200809231417-add-names
20200810000344-add-sets
20200810183112-simplify-routine
20200811160739-re-add-sets
20200811192250-rename-routine
20200811224552-not-sure
20200811224837-rename-posted-by
20200815202340-add-muscle-impacts
20200816130657-change-muscle-id
20200816132251-add-auto
20200816132724-remove-defaults
20200816132955-change-id-type